
Microsoft Visual Studio Solution File, Format Version 12.00
# Visual Studio Version 16
VisualStudioVersion = 16.0.29102.190
MinimumVisualStudioVersion = 15.0.26124.0
Project("{9A19103F-16F7-4668-BE54-9A1E7A4F7556}") = "solid-principles.SRP", "solid-principles.SRP\solid-principles.SRP.csproj", "{6016ACFA-5F90-4C74-8753-52CB10041388}"
EndProject
Project("{9A19103F-16F7-4668-BE54-9A1E7A4F7556}") = "solid-principles.OCP", "solid-principles.OCP\solid-principles.OCP.csproj", "{A1D0244B-4B65-466C-94C3-52AC9347B6AF}"
EndProject
Project("{FAE04EC0-301F-11D3-BF4B-00C04F79EFBC}") = "solid-principles.LSP", "solid-principles.LSP\solid-principles.LSP.csproj", "{DF64DFB4-11B6-408B-9E2A-192668DC07BB}"
EndProject
Global
	GlobalSection(SolutionConfigurationPlatforms) = preSolution
		Debug|Any CPU = Debug|Any CPU
		Debug|x64 = Debug|x64
		Debug|x86 = Debug|x86
		Release|Any CPU = Release|Any CPU
		Release|x64 = Release|x64
		Release|x86 = Release|x86
	EndGlobalSection
	GlobalSection(ProjectConfigurationPlatforms) = postSolution
		{6016ACFA-5F90-4C74-8753-52CB10041388}.Debug|Any CPU.ActiveCfg = Debug|Any CPU
		{6016ACFA-5F90-4C74-8753-52CB10041388}.Debug|Any CPU.Build.0 = Debug|Any CPU
		{6016ACFA-5F90-4C74-8753-52CB10041388}.Debug|x64.ActiveCfg = Debug|Any CPU
		{6016ACFA-5F90-4C74-8753-52CB10041388}.Debug|x64.Build.0 = Debug|Any CPU
		{6016ACFA-5F90-4C74-8753-52CB10041388}.Debug|x86.ActiveCfg = Debug|Any CPU
		{6016ACFA-5F90-4C74-8753-52CB10041388}.Debug|x86.Build.0 = Debug|Any CPU
		{6016ACFA-5F90-4C74-8753-52CB10041388}.Release|Any CPU.ActiveCfg = Release|Any CPU
		{6016ACFA-5F90-4C74-8753-52CB10041388}.Release|Any CPU.Build.0 = Release|Any CPU
		{6016ACFA-5F90-4C74-8753-52CB10041388}.Release|x64.ActiveCfg = Release|Any CPU
		{6016ACFA-5F90-4C74-8753-52CB10041388}.Release|x64.Build.0 = Release|Any CPU
		{6016ACFA-5F90-4C74-8753-52CB10041388}.Release|x86.ActiveCfg = Release|Any CPU
		{6016ACFA-5F90-4C74-8753-52CB10041388}.Release|x86.Build.0 = Release|Any CPU
		{A1D0244B-4B65-466C-94C3-52AC9347B6AF}.Debug|Any CPU.ActiveCfg = Debug|Any CPU
		{A1D0244B-4B65-466C-94C3-52AC9347B6AF}.Debug|Any CPU.Build.0 = Debug|Any CPU
		{A1D0244B-4B65-466C-94C3-52AC9347B6AF}.Debug|x64.ActiveCfg = Debug|Any CPU
		{A1D0244B-4B65-466C-94C3-52AC9347B6AF}.Debug|x64.Build.0 = Debug|Any CPU
		{A1D0244B-4B65-466C-94C3-52AC9347B6AF}.Debug|x86.ActiveCfg = Debug|Any CPU
		{A1D0244B-4B65-466C-94C3-52AC9347B6AF}.Debug|x86.Build.0 = Debug|Any CPU
		{A1D0244B-4B65-466C-94C3-52AC9347B6AF}.Release|Any CPU.ActiveCfg = Release|Any CPU
		{A1D0244B-4B65-466C-94C3-52AC9347B6AF}.Release|Any CPU.Build.0 = Release|Any CPU
		{A1D0244B-4B65-466C-94C3-52AC9347B6AF}.Release|x64.ActiveCfg = Release|Any CPU
		{A1D0244B-4B65-466C-94C3-52AC9347B6AF}.Release|x64.Build.0 = Release|Any CPU
		{A1D0244B-4B65-466C-94C3-52AC9347B6AF}.Release|x86.ActiveCfg = Release|Any CPU
		{A1D0244B-4B65-466C-94C3-52AC9347B6AF}.Release|x86.Build.0 = Release|Any CPU
		{DF64DFB4-11B6-408B-9E2A-192668DC07BB}.Debug|Any CPU.ActiveCfg = Debug|Any CPU
		{DF64DFB4-11B6-408B-9E2A-192668DC07BB}.Debug|Any CPU.Build.0 = Debug|Any CPU
		{DF64DFB4-11B6-408B-9E2A-192668DC07BB}.Debug|x64.ActiveCfg = Debug|Any CPU
		{DF64DFB4-11B6-408B-9E2A-192668DC07BB}.Debug|x64.Build.0 = Debug|Any CPU
		{DF64DFB4-11B6-408B-9E2A-192668DC07BB}.Debug|x86.ActiveCfg = Debug|Any CPU
		{DF64DFB4-11B6-408B-9E2A-192668DC07BB}.Debug|x86.Build.0 = Debug|Any CPU
		{DF64DFB4-11B6-408B-9E2A-192668DC07BB}.Release|Any CPU.ActiveCfg = Release|Any CPU
		{DF64DFB4-11B6-408B-9E2A-192668DC07BB}.Release|Any CPU.Build.0 = Release|Any CPU
		{DF64DFB4-11B6-408B-9E2A-192668DC07BB}.Release|x64.ActiveCfg = Release|Any CPU
		{DF64DFB4-11B6-408B-9E2A-192668DC07BB}.Release|x64.Build.0 = Release|Any CPU
		{DF64DFB4-11B6-408B-9E2A-192668DC07BB}.Release|x86.ActiveCfg = Release|Any CPU
		{DF64DFB4-11B6-408B-9E2A-192668DC07BB}.Release|x86.Build.0 = Release|Any CPU
	EndGlobalSection
	GlobalSection(SolutionProperties) = preSolution
		HideSolutionNode = FALSE
	EndGlobalSection
	GlobalSection(ExtensibilityGlobals) = postSolution
		SolutionGuid = {DF0958EB-DFB2-49EB-8186-B7E13ADCC652}
	EndGlobalSection
EndGlobal
